
Microsoft Visual Studio Solution File, Format Version 12.00
# Visual Studio Version 16
VisualStudioVersion = 16.0.30114.105
MinimumVisualStudioVersion = 10.0.40219.1
Project("{FAE04EC0-301F-11D3-BF4B-00C04F79EFBC}") = "IMS", "IMS\IMS.csproj", "{C3AE5EE5-3A4A-4615-859A-7807D7B5EE93}"
EndProject
Global
	GlobalSection(SolutionConfigurationPlatforms) = preSolution
		Debug|Any CPU = Debug|Any CPU
		Release|Any CPU = Release|Any CPU
	EndGlobalSection
	GlobalSection(ProjectConfigurationPlatforms) = postSolution
		{C3AE5EE5-3A4A-4615-859A-7807D7B5EE93}.Debug|Any CPU.ActiveCfg = Debug|Any CPU
		{C3AE5EE5-3A4A-4615-859A-7807D7B5EE93}.Debug|Any CPU.Build.0 = Debug|Any CPU
		{C3AE5EE5-3A4A-4615-859A-7807D7B5EE93}.Release|Any CPU.ActiveCfg = Release|Any CPU
		{C3AE5EE5-3A4A-4615-859A-7807D7B5EE93}.Release|Any CPU.Build.0 = Release|Any CPU
	EndGlobalSection
	GlobalSection(SolutionProperties) = preSolution
		HideSolutionNode = FALSE
	EndGlobalSection
	GlobalSection(ExtensibilityGlobals) = postSolution
		SolutionGuid = {065DE21C-A5D1-4630-B2F9-79089C6B9595}
	EndGlobalSection
EndGlobal
